
Microsoft Visual Studio Solution File, Format Version 12.00
# Visual Studio Version 16
VisualStudioVersion = 16.0.30621.155
MinimumVisualStudioVersion = 10.0.40219.1
Project("{9A19103F-16F7-4668-BE54-9A1E7A4F7556}") = "EmployeeWebAPI", "EmployeeWebAPI\EmployeeWebAPI.csproj", "{95F7683F-9C21-4706-AC6C-D904F51353BF}"
EndProject
Global
	GlobalSection(SolutionConfigurationPlatforms) = preSolution
		Debug|Any CPU = Debug|Any CPU
		Release|Any CPU = Release|Any CPU
	EndGlobalSection
	GlobalSection(ProjectConfigurationPlatforms) = postSolution
		{95F7683F-9C21-4706-AC6C-D904F51353BF}.Debug|Any CPU.ActiveCfg = Debug|Any CPU
		{95F7683F-9C21-4706-AC6C-D904F51353BF}.Debug|Any CPU.Build.0 = Debug|Any CPU
		{95F7683F-9C21-4706-AC6C-D904F51353BF}.Release|Any CPU.ActiveCfg = Release|Any CPU
		{95F7683F-9C21-4706-AC6C-D904F51353BF}.Release|Any CPU.Build.0 = Release|Any CPU
	EndGlobalSection
	GlobalSection(SolutionProperties) = preSolution
		HideSolutionNode = FALSE
	EndGlobalSection
	GlobalSection(ExtensibilityGlobals) = postSolution
		SolutionGuid = {4FA889CB-7383-4466-A07F-4539BCD8E549}
	EndGlobalSection
EndGlobal
